
Microsoft Visual Studio Solution File, Format Version 12.00
# Visual Studio Version 17
VisualStudioVersion = 17.4.33122.133
MinimumVisualStudioVersion = 10.0.40219.1
Project("{FAE04EC0-301F-11D3-BF4B-00C04F79EFBC}") = "MiniMap", "MiniMap.csproj", "{17E729D9-2701-4FB1-BBBF-41B8473C0BBA}"
EndProject
Global
	GlobalSection(SolutionConfigurationPlatforms) = preSolution
		Debug|Any CPU = Debug|Any CPU
		Release|Any CPU = Release|Any CPU
	EndGlobalSection
	GlobalSection(ProjectConfigurationPlatforms) = postSolution
		{17E729D9-2701-4FB1-BBBF-41B8473C0BBA}.Debug|Any CPU.ActiveCfg = Debug|Any CPU
		{17E729D9-2701-4FB1-BBBF-41B8473C0BBA}.Debug|Any CPU.Build.0 = Debug|Any CPU
		{17E729D9-2701-4FB1-BBBF-41B8473C0BBA}.Release|Any CPU.ActiveCfg = Release|Any CPU
		{17E729D9-2701-4FB1-BBBF-41B8473C0BBA}.Release|Any CPU.Build.0 = Release|Any CPU
	EndGlobalSection
	GlobalSection(SolutionProperties) = preSolution
		HideSolutionNode = FALSE
	EndGlobalSection
	GlobalSection(ExtensibilityGlobals) = postSolution
		SolutionGuid = {30FC6DA5-063D-40BE-848B-5E34DD5EE85B}
	EndGlobalSection
EndGlobal
